<?xml version="1.0" encoding="utf-8"?>
<Project ToolsVersion="4.0" xmlns="http://schemas.microsoft.com/developer/msbuild/2003">
  <ItemGroup>
    <Filter Include="Source Files">
      <UniqueIdentifier>{4FC737F1-C7A5-4376-A066-2A32D752A2FF}</UniqueIdentifier>
      <Extensions>cpp;c;cc;cxx;def;odl;idl;hpj;bat;asm;asmx</Extensions>
    </Filter>
    <Filter Include="Header Files">
      <UniqueIdentifier>{93995380-89BD-4b04-88EB-625FBE52EBFB}</UniqueIdentifier>
      <Extensions>h;hh;hpp;hxx;hm;inl;inc;xsd</Extensions>
    </Filter>
    <Filter Include="Resource Files">
      <UniqueIdentifier>{67DA6AB6-F800-4c08-8B7A-83BB121AAD01}</UniqueIdentifier>
      <Extensions>rc;ico;cur;bmp;dlg;rc2;rct;bin;rgs;gif;jpg;jpeg;jpe;resx;tiff;tif;png;wav;mfcribbon-ms</Extensions>
    </Filter>
    <Filter Include="Resource Files\Shaders">
      <UniqueIdentifier>{beacf452-1200-442a-853c-226ad5247e48}</UniqueIdentifier>
    </Filter>
    <Filter Include="Source Files\Controller">
      <UniqueIdentifier>{1eb2159b-20aa-4d5a-9687-7ec2383053ff}</UniqueIdentifier>
    </Filter>
    <Filter Include="Source Files\Visibility">
      <UniqueIdentifier>{b6a2e58e-705c-4285-9d17-82def9b1ec24}</UniqueIdentifier>
    </Filter>
    <Filter Include="Source Files\Math">
      <UniqueIdentifier>{0f6c0f15-3c70-45bb-889b-0cbdfe0f1677}</UniqueIdentifier>
    </Filter>
    <Filter Include="Source Files\Model">
      <UniqueIdentifier>{e4ea8dd8-624a-4c4d-93f6-600b2ba437d2}</UniqueIdentifier>
    </Filter>
    <Filter Include="Source Files\QuadTree">
      <UniqueIdentifier>{1ed3ab41-da2f-4cfa-80a7-385dbb5f619f}</UniqueIdentifier>
    </Filter>
    <Filter Include="Source Files\MultiThreading">
      <UniqueIdentifier>{c82a8558-5515-4d3c-88e1-723ef7083162}</UniqueIdentifier>
    </Filter>
  </ItemGroup>
  <ItemGroup>
    <None Include="Shaders\standard.frag">
      <Filter>Resource Files\Shaders</Filter>
    </None>
    <None Include="Shaders\standard.vert">
      <Filter>Resource Files\Shaders</Filter>
    </None>
    <None Include="Shaders\terrain.frag">
      <Filter>Resource Files\Shaders</Filter>
    </None>
    <None Include="Shaders\terrain.vert">
      <Filter>Resource Files\Shaders</Filter>
    </None>
  </ItemGroup>
  <ItemGroup>
    <ClCompile Include="Source\Application.cpp">
      <Filter>Source Files</Filter>
    </ClCompile>
    <ClCompile Include="Source\Controller\Controller.cpp">
      <Filter>Source Files\Controller</Filter>
    </ClCompile>
    <ClCompile Include="Source\Visibility\Camera.cpp">
      <Filter>Source Files\Visibility</Filter>
    </ClCompile>
    <ClCompile Include="Source\Visibility\Frustum.cpp">
      <Filter>Source Files\Visibility</Filter>
    </ClCompile>
    <ClCompile Include="Source\Math\Ellipsoid.cpp">
      <Filter>Source Files\Math</Filter>
    </ClCompile>
    <ClCompile Include="Source\Model\Mesh.cpp">
      <Filter>Source Files\Model</Filter>
    </ClCompile>
    <ClCompile Include="Source\Model\Model.cpp">
      <Filter>Source Files\Model</Filter>
    </ClCompile>
    <ClCompile Include="Source\Model\Shader.cpp">
      <Filter>Source Files\Model</Filter>
    </ClCompile>
    <ClCompile Include="Source\Model\Texture.cpp">
      <Filter>Source Files\Model</Filter>
    </ClCompile>
    <ClCompile Include="Source\QuadTree\Tile.cpp">
      <Filter>Source Files\QuadTree</Filter>
    </ClCompile>
    <ClCompile Include="Source\QuadTree\QuadTree.cpp">
      <Filter>Source Files\QuadTree</Filter>
    </ClCompile>
    <ClCompile Include="Source\QuadTree\FractalHeightFunction.cpp">
      <Filter>Source Files\QuadTree</Filter>
    </ClCompile>
    <ClCompile Include="Source\MultiThreading\MessageSystem.cpp">
      <Filter>Source Files\MultiThreading</Filter>
    </ClCompile>
    <ClCompile Include="Source\MultiThreading\TileMessage.cpp">
      <Filter>Source Files\MultiThreading</Filter>
    </ClCompile>
    <ClCompile Include="Source\Main.cpp">
      <Filter>Source Files</Filter>
    </ClCompile>
  </ItemGroup>
  <ItemGroup>
    <ClInclude Include="Source\Application.h">
      <Filter>Source Files</Filter>
    </ClInclude>
    <ClInclude Include="Source\Controller\Controller.h">
      <Filter>Source Files\Controller</Filter>
    </ClInclude>
    <ClInclude Include="Source\Controller\KeyAction.h">
      <Filter>Source Files\Controller</Filter>
    </ClInclude>
    <ClInclude Include="Source\Visibility\Camera.h">
      <Filter>Source Files\Visibility</Filter>
    </ClInclude>
    <ClInclude Include="Source\Visibility\Frustum.h">
      <Filter>Source Files\Visibility</Filter>
    </ClInclude>
    <ClInclude Include="Source\Math\AABB.h">
      <Filter>Source Files\Math</Filter>
    </ClInclude>
    <ClInclude Include="Source\Math\Cartesian3D.h">
      <Filter>Source Files\Math</Filter>
    </ClInclude>
    <ClInclude Include="Source\Math\Ellipsoid.h">
      <Filter>Source Files\Math</Filter>
    </ClInclude>
    <ClInclude Include="Source\Math\Geographic3D.h">
      <Filter>Source Files\Math</Filter>
    </ClInclude>
    <ClInclude Include="Source\Math\MathHelp.h">
      <Filter>Source Files\Math</Filter>
    </ClInclude>
    <ClInclude Include="Source\Math\Plane.h">
      <Filter>Source Files\Math</Filter>
    </ClInclude>
    <ClInclude Include="Source\Math\Primitive.h">
      <Filter>Source Files\Math</Filter>
    </ClInclude>
    <ClInclude Include="Source\Math\Sphere.h">
      <Filter>Source Files\Math</Filter>
    </ClInclude>
    <ClInclude Include="Source\Math\Type3D.h">
      <Filter>Source Files\Math</Filter>
    </ClInclude>
    <ClInclude Include="Source\Model\Mesh.h">
      <Filter>Source Files\Model</Filter>
    </ClInclude>
    <ClInclude Include="Source\Model\Model.h">
      <Filter>Source Files\Model</Filter>
    </ClInclude>
    <ClInclude Include="Source\Model\Shader.h">
      <Filter>Source Files\Model</Filter>
    </ClInclude>
    <ClInclude Include="Source\Model\Texture.h">
      <Filter>Source Files\Model</Filter>
    </ClInclude>
    <ClInclude Include="Source\Model\Vertex.h">
      <Filter>Source Files\Model</Filter>
    </ClInclude>
    <ClInclude Include="Source\QuadTree\QuadTree.h">
      <Filter>Source Files\QuadTree</Filter>
    </ClInclude>
    <ClInclude Include="Source\QuadTree\Tile.h">
      <Filter>Source Files\QuadTree</Filter>
    </ClInclude>
    <ClInclude Include="Source\QuadTree\HeightFunction.h">
      <Filter>Source Files\QuadTree</Filter>
    </ClInclude>
    <ClInclude Include="Source\QuadTree\FractalHeightFunction.h">
      <Filter>Source Files\QuadTree</Filter>
    </ClInclude>
    <ClInclude Include="Source\MultiThreading\Message.h">
      <Filter>Source Files\MultiThreading</Filter>
    </ClInclude>
    <ClInclude Include="Source\MultiThreading\MessageSystem.h">
      <Filter>Source Files\MultiThreading</Filter>
    </ClInclude>
    <ClInclude Include="Source\MultiThreading\TileMessage.h">
      <Filter>Source Files\MultiThreading</Filter>
    </ClInclude>
  </ItemGroup>
</Project>