<?xml version="1.0" encoding="utf-8"?>
<Project ToolsVersion="4.0" xmlns="http://schemas.microsoft.com/developer/msbuild/2003">
  <ItemGroup>
    <Filter Include="Source Files">
      <UniqueIdentifier>{4FC737F1-C7A5-4376-A066-2A32D752A2FF}</UniqueIdentifier>
      <Extensions>cpp;c;cc;cxx;def;odl;idl;hpj;bat;asm;asmx</Extensions>
    </Filter>
    <Filter Include="Header Files">
      <UniqueIdentifier>{93995380-89BD-4b04-88EB-625FBE52EBFB}</UniqueIdentifier>
      <Extensions>h;hh;hpp;hxx;hm;inl;inc;xsd</Extensions>
    </Filter>
    <Filter Include="Resource Files">
      <UniqueIdentifier>{67DA6AB6-F800-4c08-8B7A-83BB121AAD01}</UniqueIdentifier>
      <Extensions>rc;ico;cur;bmp;dlg;rc2;rct;bin;rgs;gif;jpg;jpeg;jpe;resx;tiff;tif;png;wav;mfcribbon-ms</Extensions>
    </Filter>
    <Filter Include="Resource Files\Shaders">
      <UniqueIdentifier>{beacf452-1200-442a-853c-226ad5247e48}</UniqueIdentifier>
    </Filter>
    <Filter Include="Source Files\Model">
      <UniqueIdentifier>{e4ea8dd8-624a-4c4d-93f6-600b2ba437d2}</UniqueIdentifier>
    </Filter>
    <Filter Include="Source Files\Threading">
      <UniqueIdentifier>{c82a8558-5515-4d3c-88e1-723ef7083162}</UniqueIdentifier>
    </Filter>
    <Filter Include="Source Files\Draw">
      <UniqueIdentifier>{7ab9b066-5199-49bd-87bb-ce3419f2b214}</UniqueIdentifier>
    </Filter>
  </ItemGroup>
  <ItemGroup>
    <None Include="Shaders\standard.frag">
      <Filter>Resource Files\Shaders</Filter>
    </None>
    <None Include="Shaders\standard.vert">
      <Filter>Resource Files\Shaders</Filter>
    </None>
  </ItemGroup>
  <ItemGroup>
    <ClCompile Include="Source\Application.cpp">
      <Filter>Source Files</Filter>
    </ClCompile>
    <ClCompile Include="Source\Model\Mesh.cpp">
      <Filter>Source Files\Model</Filter>
    </ClCompile>
    <ClCompile Include="Source\Model\Model.cpp">
      <Filter>Source Files\Model</Filter>
    </ClCompile>
    <ClCompile Include="Source\Model\Shader.cpp">
      <Filter>Source Files\Model</Filter>
    </ClCompile>
    <ClCompile Include="Source\Model\Texture.cpp">
      <Filter>Source Files\Model</Filter>
    </ClCompile>
    <ClCompile Include="Source\Main.cpp">
      <Filter>Source Files</Filter>
    </ClCompile>
    <ClCompile Include="Source\Renderer.cpp">
      <Filter>Source Files\Draw</Filter>
    </ClCompile>
    <ClCompile Include="Source\MessageSystem.cpp">
      <Filter>Source Files\Threading</Filter>
    </ClCompile>
  </ItemGroup>
  <ItemGroup>
    <ClInclude Include="Source\Application.h">
      <Filter>Source Files</Filter>
    </ClInclude>
    <ClInclude Include="Source\Model\Mesh.h">
      <Filter>Source Files\Model</Filter>
    </ClInclude>
    <ClInclude Include="Source\Model\Model.h">
      <Filter>Source Files\Model</Filter>
    </ClInclude>
    <ClInclude Include="Source\Model\Shader.h">
      <Filter>Source Files\Model</Filter>
    </ClInclude>
    <ClInclude Include="Source\Model\Texture.h">
      <Filter>Source Files\Model</Filter>
    </ClInclude>
    <ClInclude Include="Source\Model\Vertex.h">
      <Filter>Source Files\Model</Filter>
    </ClInclude>
    <ClInclude Include="Source\Drawable.h">
      <Filter>Source Files\Draw</Filter>
    </ClInclude>
    <ClInclude Include="Source\Renderer.h">
      <Filter>Source Files\Draw</Filter>
    </ClInclude>
    <ClInclude Include="Source\Message.h">
      <Filter>Source Files\Threading</Filter>
    </ClInclude>
    <ClInclude Include="Source\MessageSystem.h">
      <Filter>Source Files\Threading</Filter>
    </ClInclude>
  </ItemGroup>
</Project>